github.com/SAMT-BU/samt-bu-innspill v0.0.0-20260223200440-3014e73b3b0a h1:E4rTHaNC0FHTjDuSN0Cp8Iqo3H+qpZA9OBE5LpMKSf0=
github.com/SAMT-BU/samt-bu-innspill v0.0.0-20260223200440-3014e73b3b0a/go.mod h1:in5RxF3kcwNbbgpij0Fz8fTmkc5+Yjc4RG5zEMCUOJA=
github.com/altinn/hugo-theme-altinn v0.0.0-20260126142206-f5ed793b496b h1:WCQTFk7OtL8b9hc6xGum1L6IEh1oq+1MOJiTQkzKjQM=
github.com/altinn/hugo-theme-altinn v0.0.0-20260126142206-f5ed793b496b/go.mod h1:7p9mXaSDk6GfhI8YakzCoE5wct9QL/z5eUrnofnHS1o=
